
Microsoft Visual Studio Solution File, Format Version 12.00
# Visual Studio 15
VisualStudioVersion = 15.0.27703.2026
MinimumVisualStudioVersion = 10.0.40219.1
Project("{9A19103F-16F7-4668-BE54-9A1E7A4F7556}") = "CantiLib", "CantiLib\CantiLib.csproj", "{4DE0AD31-47E2-4348-9C35-43DC5EC25F48}"
EndProject
Project("{2150E333-8FDC-42A3-9474-1A3956D46DE8}") = "Tests", "Tests", "{EED15B39-33B1-40E3-A0BB-DB9BCB0D13DF}"
EndProject
Project("{9A19103F-16F7-4668-BE54-9A1E7A4F7556}") = "P2PTest", "..\BlockchainTest\BlockchainTest\P2PTest.csproj", "{DD68FBC2-4D82-4776-9DB4-C7B2E675A807}"
EndProject
Global
	GlobalSection(SolutionConfigurationPlatforms) = preSolution
		Debug|Any CPU = Debug|Any CPU
		Release|Any CPU = Release|Any CPU
	EndGlobalSection
	GlobalSection(ProjectConfigurationPlatforms) = postSolution
		{4DE0AD31-47E2-4348-9C35-43DC5EC25F48}.Debug|Any CPU.ActiveCfg = Debug|Any CPU
		{4DE0AD31-47E2-4348-9C35-43DC5EC25F48}.Debug|Any CPU.Build.0 = Debug|Any CPU
		{4DE0AD31-47E2-4348-9C35-43DC5EC25F48}.Release|Any CPU.ActiveCfg = Release|Any CPU
		{4DE0AD31-47E2-4348-9C35-43DC5EC25F48}.Release|Any CPU.Build.0 = Release|Any CPU
		{DD68FBC2-4D82-4776-9DB4-C7B2E675A807}.Debug|Any CPU.ActiveCfg = Debug|Any CPU
		{DD68FBC2-4D82-4776-9DB4-C7B2E675A807}.Debug|Any CPU.Build.0 = Debug|Any CPU
		{DD68FBC2-4D82-4776-9DB4-C7B2E675A807}.Release|Any CPU.ActiveCfg = Release|Any CPU
		{DD68FBC2-4D82-4776-9DB4-C7B2E675A807}.Release|Any CPU.Build.0 = Release|Any CPU
	EndGlobalSection
	GlobalSection(SolutionProperties) = preSolution
		HideSolutionNode = FALSE
	EndGlobalSection
	GlobalSection(NestedProjects) = preSolution
		{DD68FBC2-4D82-4776-9DB4-C7B2E675A807} = {EED15B39-33B1-40E3-A0BB-DB9BCB0D13DF}
	EndGlobalSection
	GlobalSection(ExtensibilityGlobals) = postSolution
		SolutionGuid = {FF17E6A4-CE7B-410F-8151-668910AAEC8A}
	EndGlobalSection
EndGlobal
