
Microsoft Visual Studio Solution File, Format Version 12.00
# Visual Studio Version 16
VisualStudioVersion = 16.0.28803.352
MinimumVisualStudioVersion = 10.0.40219.1
Project("{9A19103F-16F7-4668-BE54-9A1E7A4F7556}") = "CantiLib", "CantiLib\CantiLib.csproj", "{4DE0AD31-47E2-4348-9C35-43DC5EC25F48}"
EndProject
Project("{9A19103F-16F7-4668-BE54-9A1E7A4F7556}") = "CS-TurtleCoin", "CS-TurtleCoin\CS-TurtleCoin.csproj", "{E46790A0-EB3B-40AD-96F2-3E9F936CED5E}"
EndProject
Global
	GlobalSection(SolutionConfigurationPlatforms) = preSolution
		Debug|Any CPU = Debug|Any CPU
		Release|Any CPU = Release|Any CPU
	EndGlobalSection
	GlobalSection(ProjectConfigurationPlatforms) = postSolution
		{4DE0AD31-47E2-4348-9C35-43DC5EC25F48}.Debug|Any CPU.ActiveCfg = Debug|Any CPU
		{4DE0AD31-47E2-4348-9C35-43DC5EC25F48}.Debug|Any CPU.Build.0 = Debug|Any CPU
		{4DE0AD31-47E2-4348-9C35-43DC5EC25F48}.Release|Any CPU.ActiveCfg = Release|Any CPU
		{4DE0AD31-47E2-4348-9C35-43DC5EC25F48}.Release|Any CPU.Build.0 = Release|Any CPU
		{E46790A0-EB3B-40AD-96F2-3E9F936CED5E}.Debug|Any CPU.ActiveCfg = Debug|Any CPU
		{E46790A0-EB3B-40AD-96F2-3E9F936CED5E}.Debug|Any CPU.Build.0 = Debug|Any CPU
		{E46790A0-EB3B-40AD-96F2-3E9F936CED5E}.Release|Any CPU.ActiveCfg = Release|Any CPU
		{E46790A0-EB3B-40AD-96F2-3E9F936CED5E}.Release|Any CPU.Build.0 = Release|Any CPU
	EndGlobalSection
	GlobalSection(SolutionProperties) = preSolution
		HideSolutionNode = FALSE
	EndGlobalSection
	GlobalSection(ExtensibilityGlobals) = postSolution
		SolutionGuid = {FF17E6A4-CE7B-410F-8151-668910AAEC8A}
	EndGlobalSection
EndGlobal
