
Microsoft Visual Studio Solution File, Format Version 12.00
# Visual Studio 15
VisualStudioVersion = 15.0.27703.2026
MinimumVisualStudioVersion = 10.0.40219.1
Project("{9A19103F-16F7-4668-BE54-9A1E7A4F7556}") = "CantiLib", "CantiLib\CantiLib.csproj", "{4DE0AD31-47E2-4348-9C35-43DC5EC25F48}"
EndProject
Project("{9A19103F-16F7-4668-BE54-9A1E7A4F7556}") = "P2PTest", "Tests\P2PTest.csproj", "{EDEA51D0-FD1F-4A9E-902A-6049BB4CA01D}"
EndProject
Project("{2150E333-8FDC-42A3-9474-1A3956D46DE8}") = "Tests", "Tests", "{2641C5B4-35E2-43CB-B385-96D2BD423734}"
EndProject
Global
	GlobalSection(SolutionConfigurationPlatforms) = preSolution
		Debug|Any CPU = Debug|Any CPU
		Release|Any CPU = Release|Any CPU
	EndGlobalSection
	GlobalSection(ProjectConfigurationPlatforms) = postSolution
		{4DE0AD31-47E2-4348-9C35-43DC5EC25F48}.Debug|Any CPU.ActiveCfg = Debug|Any CPU
		{4DE0AD31-47E2-4348-9C35-43DC5EC25F48}.Debug|Any CPU.Build.0 = Debug|Any CPU
		{4DE0AD31-47E2-4348-9C35-43DC5EC25F48}.Release|Any CPU.ActiveCfg = Release|Any CPU
		{4DE0AD31-47E2-4348-9C35-43DC5EC25F48}.Release|Any CPU.Build.0 = Release|Any CPU
		{EDEA51D0-FD1F-4A9E-902A-6049BB4CA01D}.Debug|Any CPU.ActiveCfg = Debug|Any CPU
		{EDEA51D0-FD1F-4A9E-902A-6049BB4CA01D}.Debug|Any CPU.Build.0 = Debug|Any CPU
		{EDEA51D0-FD1F-4A9E-902A-6049BB4CA01D}.Release|Any CPU.ActiveCfg = Release|Any CPU
		{EDEA51D0-FD1F-4A9E-902A-6049BB4CA01D}.Release|Any CPU.Build.0 = Release|Any CPU
	EndGlobalSection
	GlobalSection(SolutionProperties) = preSolution
		HideSolutionNode = FALSE
	EndGlobalSection
	GlobalSection(NestedProjects) = preSolution
		{EDEA51D0-FD1F-4A9E-902A-6049BB4CA01D} = {2641C5B4-35E2-43CB-B385-96D2BD423734}
	EndGlobalSection
	GlobalSection(ExtensibilityGlobals) = postSolution
		SolutionGuid = {FF17E6A4-CE7B-410F-8151-668910AAEC8A}
	EndGlobalSection
EndGlobal
